
Microsoft Visual Studio Solution File, Format Version 12.00
# Visual Studio 15
VisualStudioVersion = 15.0.25807.0
MinimumVisualStudioVersion = 10.0.40219.1
Project("{2150E333-8FDC-42A3-9474-1A3956D46DE8}") = "Engine", "Engine", "{BD2F1130-0541-403A-81D3-5E307913C885}"
EndProject
Project("{2150E333-8FDC-42A3-9474-1A3956D46DE8}") = "Games", "Games", "{1355C026-2181-43E4-BFDE-08E1C417D3F8}"
EndProject
Project("{8BC9CEB8-8B4A-11D0-8D11-00A0C91BC942}") = "UE4", "Intermediate\ProjectFiles\UE4.vcxproj", "{48F0A027-9FC2-4DD5-AD62-FBE92DD61FC2}"
EndProject
Project("{8BC9CEB8-8B4A-11D0-8D11-00A0C91BC942}") = "Homework4", "Intermediate\ProjectFiles\Homework4.vcxproj", "{FBA00DBD-7A75-4617-9BC2-2595324FF798}"
EndProject
Project("{2150E333-8FDC-42A3-9474-1A3956D46DE8}") = "Visualizers", "Visualizers", "{2CD975AA-815F-4682-BF38-74D7E1951C4C}"
	ProjectSection(SolutionItems) = preProject
		..\..\..\..\..\..\..\Program Files\Epic Games\UE_4.22\Engine\Extras\VisualStudioDebugging\UE4.natvis = ..\..\..\..\..\..\..\Program Files\Epic Games\UE_4.22\Engine\Extras\VisualStudioDebugging\UE4.natvis
	EndProjectSection
EndProject
Global
	GlobalSection(SolutionConfigurationPlatforms) = preSolution
		DebugGame Editor|HTML5 = DebugGame Editor|HTML5
		DebugGame Editor|Win32 = DebugGame Editor|Win32
		DebugGame Editor|Win64 = DebugGame Editor|Win64
		DebugGame|HTML5 = DebugGame|HTML5
		DebugGame|Win32 = DebugGame|Win32
		DebugGame|Win64 = DebugGame|Win64
		Development Editor|HTML5 = Development Editor|HTML5
		Development Editor|Win32 = Development Editor|Win32
		Development Editor|Win64 = Development Editor|Win64
		Development|HTML5 = Development|HTML5
		Development|Win32 = Development|Win32
		Development|Win64 = Development|Win64
		Shipping|HTML5 = Shipping|HTML5
		Shipping|Win32 = Shipping|Win32
		Shipping|Win64 = Shipping|Win64
	EndGlobalSection
	GlobalSection(ProjectConfigurationPlatforms) = postSolution
		{48F0A027-9FC2-4DD5-AD62-FBE92DD61FC2}.DebugGame Editor|HTML5.ActiveCfg = BuiltWithUnrealBuildTool|Win32
		{48F0A027-9FC2-4DD5-AD62-FBE92DD61FC2}.DebugGame Editor|Win32.ActiveCfg = BuiltWithUnrealBuildTool|Win32
		{48F0A027-9FC2-4DD5-AD62-FBE92DD61FC2}.DebugGame Editor|Win64.ActiveCfg = BuiltWithUnrealBuildTool|Win32
		{48F0A027-9FC2-4DD5-AD62-FBE92DD61FC2}.DebugGame|HTML5.ActiveCfg = BuiltWithUnrealBuildTool|Win32
		{48F0A027-9FC2-4DD5-AD62-FBE92DD61FC2}.DebugGame|Win32.ActiveCfg = BuiltWithUnrealBuildTool|Win32
		{48F0A027-9FC2-4DD5-AD62-FBE92DD61FC2}.DebugGame|Win64.ActiveCfg = BuiltWithUnrealBuildTool|Win32
		{48F0A027-9FC2-4DD5-AD62-FBE92DD61FC2}.Development Editor|HTML5.ActiveCfg = BuiltWithUnrealBuildTool|Win32
		{48F0A027-9FC2-4DD5-AD62-FBE92DD61FC2}.Development Editor|Win32.ActiveCfg = BuiltWithUnrealBuildTool|Win32
		{48F0A027-9FC2-4DD5-AD62-FBE92DD61FC2}.Development Editor|Win64.ActiveCfg = BuiltWithUnrealBuildTool|Win32
		{48F0A027-9FC2-4DD5-AD62-FBE92DD61FC2}.Development|HTML5.ActiveCfg = BuiltWithUnrealBuildTool|Win32
		{48F0A027-9FC2-4DD5-AD62-FBE92DD61FC2}.Development|Win32.ActiveCfg = BuiltWithUnrealBuildTool|Win32
		{48F0A027-9FC2-4DD5-AD62-FBE92DD61FC2}.Development|Win64.ActiveCfg = BuiltWithUnrealBuildTool|Win32
		{48F0A027-9FC2-4DD5-AD62-FBE92DD61FC2}.Shipping|HTML5.ActiveCfg = BuiltWithUnrealBuildTool|Win32
		{48F0A027-9FC2-4DD5-AD62-FBE92DD61FC2}.Shipping|Win32.ActiveCfg = BuiltWithUnrealBuildTool|Win32
		{48F0A027-9FC2-4DD5-AD62-FBE92DD61FC2}.Shipping|Win64.ActiveCfg = BuiltWithUnrealBuildTool|Win32
		{FBA00DBD-7A75-4617-9BC2-2595324FF798}.DebugGame Editor|HTML5.ActiveCfg = Invalid|Win32
		{FBA00DBD-7A75-4617-9BC2-2595324FF798}.DebugGame Editor|Win32.ActiveCfg = Invalid|Win32
		{FBA00DBD-7A75-4617-9BC2-2595324FF798}.DebugGame Editor|Win64.ActiveCfg = DebugGame_Editor|x64
		{FBA00DBD-7A75-4617-9BC2-2595324FF798}.DebugGame Editor|Win64.Build.0 = DebugGame_Editor|x64
		{FBA00DBD-7A75-4617-9BC2-2595324FF798}.DebugGame|HTML5.ActiveCfg = HTML5_DebugGame|Win32
		{FBA00DBD-7A75-4617-9BC2-2595324FF798}.DebugGame|HTML5.Build.0 = HTML5_DebugGame|Win32
		{FBA00DBD-7A75-4617-9BC2-2595324FF798}.DebugGame|Win32.ActiveCfg = DebugGame|Win32
		{FBA00DBD-7A75-4617-9BC2-2595324FF798}.DebugGame|Win32.Build.0 = DebugGame|Win32
		{FBA00DBD-7A75-4617-9BC2-2595324FF798}.DebugGame|Win64.ActiveCfg = DebugGame|x64
		{FBA00DBD-7A75-4617-9BC2-2595324FF798}.DebugGame|Win64.Build.0 = DebugGame|x64
		{FBA00DBD-7A75-4617-9BC2-2595324FF798}.Development Editor|HTML5.ActiveCfg = Invalid|Win32
		{FBA00DBD-7A75-4617-9BC2-2595324FF798}.Development Editor|Win32.ActiveCfg = Invalid|Win32
		{FBA00DBD-7A75-4617-9BC2-2595324FF798}.Development Editor|Win64.ActiveCfg = Development_Editor|x64
		{FBA00DBD-7A75-4617-9BC2-2595324FF798}.Development Editor|Win64.Build.0 = Development_Editor|x64
		{FBA00DBD-7A75-4617-9BC2-2595324FF798}.Development|HTML5.ActiveCfg = HTML5_Development|Win32
		{FBA00DBD-7A75-4617-9BC2-2595324FF798}.Development|HTML5.Build.0 = HTML5_Development|Win32
		{FBA00DBD-7A75-4617-9BC2-2595324FF798}.Development|Win32.ActiveCfg = Development|Win32
		{FBA00DBD-7A75-4617-9BC2-2595324FF798}.Development|Win32.Build.0 = Development|Win32
		{FBA00DBD-7A75-4617-9BC2-2595324FF798}.Development|Win64.ActiveCfg = Development|x64
		{FBA00DBD-7A75-4617-9BC2-2595324FF798}.Development|Win64.Build.0 = Development|x64
		{FBA00DBD-7A75-4617-9BC2-2595324FF798}.Shipping|HTML5.ActiveCfg = HTML5_Shipping|Win32
		{FBA00DBD-7A75-4617-9BC2-2595324FF798}.Shipping|HTML5.Build.0 = HTML5_Shipping|Win32
		{FBA00DBD-7A75-4617-9BC2-2595324FF798}.Shipping|Win32.ActiveCfg = Shipping|Win32
		{FBA00DBD-7A75-4617-9BC2-2595324FF798}.Shipping|Win32.Build.0 = Shipping|Win32
		{FBA00DBD-7A75-4617-9BC2-2595324FF798}.Shipping|Win64.ActiveCfg = Shipping|x64
		{FBA00DBD-7A75-4617-9BC2-2595324FF798}.Shipping|Win64.Build.0 = Shipping|x64
	EndGlobalSection
	GlobalSection(SolutionProperties) = preSolution
		HideSolutionNode = FALSE
	EndGlobalSection
	GlobalSection(NestedProjects) = preSolution
		{48F0A027-9FC2-4DD5-AD62-FBE92DD61FC2} = {BD2F1130-0541-403A-81D3-5E307913C885}
		{FBA00DBD-7A75-4617-9BC2-2595324FF798} = {1355C026-2181-43E4-BFDE-08E1C417D3F8}
	EndGlobalSection
EndGlobal
